dependencies:
- name: postgresql
  repository: https://charts.bitnami.com/bitnami
  version: 10.2.1
- name: metabase
  repository: https://charts.helm.sh/stable
  version: 0.4.0
digest: sha256:2de9aa77251ae516c7b929836b03090ee67afcedf2d41423f35411953ef47c58
generated: "2021-09-18T14:44:41.932692+07:00"
